
Microsoft Visual Studio Solution File, Format Version 12.00
# Visual Studio Version 16
VisualStudioVersion = 16.0.29911.84
MinimumVisualStudioVersion = 10.0.40219.1
Project("{FAE04EC0-301F-11D3-BF4B-00C04F79EFBC}") = "Faker", "Faker.csproj", "{54F615EB-F714-45A4-AA6F-87A1D85A913B}"
EndProject
Project("{FAE04EC0-301F-11D3-BF4B-00C04F79EFBC}") = "PluginInterface", "..\PluginInterface\PluginInterface.csproj", "{FB4586C5-0733-4938-935C-D3F39C360457}"
EndProject
Project("{FAE04EC0-301F-11D3-BF4B-00C04F79EFBC}") = "BaseTypesGenerator", "..\BaseTypesGenerator\BaseTypesGenerator.csproj", "{478825A4-7E76-46F6-BD5B-1E670ABE3AA9}"
EndProject
Project("{FAE04EC0-301F-11D3-BF4B-00C04F79EFBC}") = "DateTypeGenerator", "..\DateTypeGenerator\DateTypeGenerator.csproj", "{3E736533-699F-4E42-A35A-CF4529156DDE}"
EndProject
Global
	GlobalSection(SolutionConfigurationPlatforms) = preSolution
		Debug|Any CPU = Debug|Any CPU
		Release|Any CPU = Release|Any CPU
	EndGlobalSection
	GlobalSection(ProjectConfigurationPlatforms) = postSolution
		{54F615EB-F714-45A4-AA6F-87A1D85A913B}.Debug|Any CPU.ActiveCfg = Debug|Any CPU
		{54F615EB-F714-45A4-AA6F-87A1D85A913B}.Debug|Any CPU.Build.0 = Debug|Any CPU
		{54F615EB-F714-45A4-AA6F-87A1D85A913B}.Release|Any CPU.ActiveCfg = Release|Any CPU
		{54F615EB-F714-45A4-AA6F-87A1D85A913B}.Release|Any CPU.Build.0 = Release|Any CPU
		{FB4586C5-0733-4938-935C-D3F39C360457}.Debug|Any CPU.ActiveCfg = Debug|Any CPU
		{FB4586C5-0733-4938-935C-D3F39C360457}.Debug|Any CPU.Build.0 = Debug|Any CPU
		{FB4586C5-0733-4938-935C-D3F39C360457}.Release|Any CPU.ActiveCfg = Release|Any CPU
		{FB4586C5-0733-4938-935C-D3F39C360457}.Release|Any CPU.Build.0 = Release|Any CPU
		{478825A4-7E76-46F6-BD5B-1E670ABE3AA9}.Debug|Any CPU.ActiveCfg = Debug|Any CPU
		{478825A4-7E76-46F6-BD5B-1E670ABE3AA9}.Debug|Any CPU.Build.0 = Debug|Any CPU
		{478825A4-7E76-46F6-BD5B-1E670ABE3AA9}.Release|Any CPU.ActiveCfg = Release|Any CPU
		{478825A4-7E76-46F6-BD5B-1E670ABE3AA9}.Release|Any CPU.Build.0 = Release|Any CPU
		{3E736533-699F-4E42-A35A-CF4529156DDE}.Debug|Any CPU.ActiveCfg = Debug|Any CPU
		{3E736533-699F-4E42-A35A-CF4529156DDE}.Debug|Any CPU.Build.0 = Debug|Any CPU
		{3E736533-699F-4E42-A35A-CF4529156DDE}.Release|Any CPU.ActiveCfg = Release|Any CPU
		{3E736533-699F-4E42-A35A-CF4529156DDE}.Release|Any CPU.Build.0 = Release|Any CPU
	EndGlobalSection
	GlobalSection(SolutionProperties) = preSolution
		HideSolutionNode = FALSE
	EndGlobalSection
	GlobalSection(ExtensibilityGlobals) = postSolution
		SolutionGuid = {D7AABCCA-7EC5-4EAA-BEDA-0E4D817508E7}
	EndGlobalSection
EndGlobal
